<?xml version="1.0" encoding="utf-8"?>
<Project ToolsVersion="4.0" xmlns="http://schemas.microsoft.com/developer/msbuild/2003">
  <ItemGroup>
    <Filter Include="Source Files">
      <UniqueIdentifier>{4FC737F1-C7A5-4376-A066-2A32D752A2FF}</UniqueIdentifier>
      <Extensions>cpp;c;cc;cxx;c++;cppm;ixx;def;odl;idl;hpj;bat;asm;asmx</Extensions>
    </Filter>
    <Filter Include="Header Files">
      <UniqueIdentifier>{93995380-89BD-4b04-88EB-625FBE52EBFB}</UniqueIdentifier>
      <Extensions>h;hh;hpp;hxx;h++;hm;inl;inc;ipp;xsd</Extensions>
    </Filter>
    <Filter Include="Resource Files">
      <UniqueIdentifier>{67DA6AB6-F800-4c08-8B7A-83BB121AAD01}</UniqueIdentifier>
      <Extensions>rc;ico;cur;bmp;dlg;rc2;rct;bin;rgs;gif;jpg;jpeg;jpe;resx;tiff;tif;png;wav;mfcribbon-ms</Extensions>
    </Filter>
    <Filter Include="Header Files\input">
      <UniqueIdentifier>{aafdad0d-fca2-465d-8e73-a67327deabfa}</UniqueIdentifier>
    </Filter>
    <Filter Include="Header Files\algorithm">
      <UniqueIdentifier>{ee070cc5-d0d4-4f66-b08c-48485e472da3}</UniqueIdentifier>
    </Filter>
    <Filter Include="Source Files\input">
      <UniqueIdentifier>{ec00b0b8-01fd-4a7d-ab1b-eb58157cf5a5}</UniqueIdentifier>
    </Filter>
    <Filter Include="Source Files\algorithm">
      <UniqueIdentifier>{3bf2a83d-d5ad-4ece-9a2e-bbdd58ad4525}</UniqueIdentifier>
    </Filter>
  </ItemGroup>
  <ItemGroup>
    <ClCompile Include="Program\Client.cpp">
      <Filter>Source Files</Filter>
    </ClCompile>
    <ClCompile Include="Program\Genetic.cpp">
      <Filter>Source Files</Filter>
    </ClCompile>
    <ClCompile Include="Program\Individu.cpp">
      <Filter>Source Files</Filter>
    </ClCompile>
    <ClCompile Include="Program\LocalSearch.cpp">
      <Filter>Source Files</Filter>
    </ClCompile>
    <ClCompile Include="Program\Main.cpp">
      <Filter>Source Files</Filter>
    </ClCompile>
    <ClCompile Include="Program\Noeud.cpp">
      <Filter>Source Files</Filter>
    </ClCompile>
    <ClCompile Include="Program\Params.cpp">
      <Filter>Source Files</Filter>
    </ClCompile>
    <ClCompile Include="Program\Population.cpp">
      <Filter>Source Files</Filter>
    </ClCompile>
    <ClCompile Include="Program\Route.cpp">
      <Filter>Source Files</Filter>
    </ClCompile>
    <ClCompile Include="Program\SeqData.cpp">
      <Filter>Source Files</Filter>
    </ClCompile>
    <ClCompile Include="Program\Vehicle.cpp">
      <Filter>Source Files</Filter>
    </ClCompile>
    <ClCompile Include="Program\commandline.cpp">
      <Filter>Source Files\input</Filter>
    </ClCompile>
    <ClCompile Include="Program\CommandLineInterface.cpp">
      <Filter>Source Files\input</Filter>
    </ClCompile>
  </ItemGroup>
  <ItemGroup>
    <ClInclude Include="Program\Client.h">
      <Filter>Header Files</Filter>
    </ClInclude>
    <ClInclude Include="Program\Genetic.h">
      <Filter>Header Files</Filter>
    </ClInclude>
    <ClInclude Include="Program\Individu.h">
      <Filter>Header Files</Filter>
    </ClInclude>
    <ClInclude Include="Program\LocalSearch.h">
      <Filter>Header Files</Filter>
    </ClInclude>
    <ClInclude Include="Program\Noeud.h">
      <Filter>Header Files</Filter>
    </ClInclude>
    <ClInclude Include="Program\Params.h">
      <Filter>Header Files</Filter>
    </ClInclude>
    <ClInclude Include="Program\Population.h">
      <Filter>Header Files</Filter>
    </ClInclude>
    <ClInclude Include="Program\Route.h">
      <Filter>Header Files</Filter>
    </ClInclude>
    <ClInclude Include="Program\SeqData.h">
      <Filter>Header Files</Filter>
    </ClInclude>
    <ClInclude Include="Program\Vehicle.h">
      <Filter>Header Files</Filter>
    </ClInclude>
    <ClInclude Include="Program\commandline.h">
      <Filter>Header Files\input</Filter>
    </ClInclude>
    <ClInclude Include="Program\CommandLineInterface.h">
      <Filter>Header Files\input</Filter>
    </ClInclude>
  </ItemGroup>
</Project>