
Microsoft Visual Studio Solution File, Format Version 12.00
# Visual Studio Version 17
VisualStudioVersion = 17.13.36105.23
MinimumVisualStudioVersion = 10.0.40219.1
Project("{8BC9CEB8-8B4A-11D0-8D11-00A0C91BC942}") = "carp-core", "carp-core\carp-core.vcxproj", "{262E7F39-DF6F-4DED-A0C8-307D28FE6399}"
EndProject
Project("{8BC9CEB8-8B4A-11D0-8D11-00A0C91BC942}") = "HGS-CARP", "HGS-CARP\HGS-CARP.vcxproj", "{437B50B9-8CF4-4454-A08B-E0FB8F9848E3}"
EndProject
Project("{8BC9CEB8-8B4A-11D0-8D11-00A0C91BC942}") = "carp-hgs", "carp-hgs\carp-hgs.vcxproj", "{F7A2668A-C60D-4B37-AF8A-9A6416B67F77}"
	ProjectSection(ProjectDependencies) = postProject
		{262E7F39-DF6F-4DED-A0C8-307D28FE6399} = {262E7F39-DF6F-4DED-A0C8-307D28FE6399}
	EndProjectSection
EndProject
Global
	GlobalSection(SolutionConfigurationPlatforms) = preSolution
		Debug|x64 = Debug|x64
		Release|x64 = Release|x64
	EndGlobalSection
	GlobalSection(ProjectConfigurationPlatforms) = postSolution
		{262E7F39-DF6F-4DED-A0C8-307D28FE6399}.Debug|x64.ActiveCfg = Debug|x64
		{262E7F39-DF6F-4DED-A0C8-307D28FE6399}.Debug|x64.Build.0 = Debug|x64
		{262E7F39-DF6F-4DED-A0C8-307D28FE6399}.Release|x64.ActiveCfg = Release|x64
		{262E7F39-DF6F-4DED-A0C8-307D28FE6399}.Release|x64.Build.0 = Release|x64
		{437B50B9-8CF4-4454-A08B-E0FB8F9848E3}.Debug|x64.ActiveCfg = Debug|x64
		{437B50B9-8CF4-4454-A08B-E0FB8F9848E3}.Release|x64.ActiveCfg = Release|x64
		{F7A2668A-C60D-4B37-AF8A-9A6416B67F77}.Debug|x64.ActiveCfg = Debug|x64
		{F7A2668A-C60D-4B37-AF8A-9A6416B67F77}.Debug|x64.Build.0 = Debug|x64
		{F7A2668A-C60D-4B37-AF8A-9A6416B67F77}.Release|x64.ActiveCfg = Release|x64
		{F7A2668A-C60D-4B37-AF8A-9A6416B67F77}.Release|x64.Build.0 = Release|x64
	EndGlobalSection
	GlobalSection(SolutionProperties) = preSolution
		HideSolutionNode = FALSE
	EndGlobalSection
	GlobalSection(ExtensibilityGlobals) = postSolution
		SolutionGuid = {F6BE9B8A-22F8-4E6A-B132-0F67B7087747}
	EndGlobalSection
EndGlobal
