<?xml version="1.0" encoding="utf-8"?>
<Project ToolsVersion="4.0" xmlns="http://schemas.microsoft.com/developer/msbuild/2003">
  <ItemGroup>
    <Filter Include="Source Files">
      <UniqueIdentifier>{4FC737F1-C7A5-4376-A066-2A32D752A2FF}</UniqueIdentifier>
      <Extensions>cpp;c;cc;cxx;c++;cppm;ixx;def;odl;idl;hpj;bat;asm;asmx</Extensions>
    </Filter>
    <Filter Include="Header Files">
      <UniqueIdentifier>{93995380-89BD-4b04-88EB-625FBE52EBFB}</UniqueIdentifier>
      <Extensions>h;hh;hpp;hxx;h++;hm;inl;inc;ipp;xsd</Extensions>
    </Filter>
    <Filter Include="Resource Files">
      <UniqueIdentifier>{67DA6AB6-F800-4c08-8B7A-83BB121AAD01}</UniqueIdentifier>
      <Extensions>rc;ico;cur;bmp;dlg;rc2;rct;bin;rgs;gif;jpg;jpeg;jpe;resx;tiff;tif;png;wav;mfcribbon-ms</Extensions>
    </Filter>
    <Filter Include="Header Files\input">
      <UniqueIdentifier>{8c0bd4cf-8632-4df9-a705-34001122a9c9}</UniqueIdentifier>
    </Filter>
    <Filter Include="Source Files\input">
      <UniqueIdentifier>{4ab1f3e6-dfea-469b-a76e-5efd5953bb08}</UniqueIdentifier>
    </Filter>
    <Filter Include="Header Files\util">
      <UniqueIdentifier>{9a566cb4-bb11-41b6-8600-00950c95ea4c}</UniqueIdentifier>
    </Filter>
    <Filter Include="Header Files\algorithm">
      <UniqueIdentifier>{5bbd2e21-bb88-462e-8ad3-e582f868917c}</UniqueIdentifier>
    </Filter>
    <Filter Include="Source Files\util">
      <UniqueIdentifier>{4859b9ca-8a55-438b-88fc-e4cd450fe99e}</UniqueIdentifier>
    </Filter>
  </ItemGroup>
  <ItemGroup>
    <ClInclude Include="Algorithm.h">
      <Filter>Header Files\algorithm</Filter>
    </ClInclude>
    <ClInclude Include="BaseInputUser.h">
      <Filter>Header Files\input</Filter>
    </ClInclude>
    <ClInclude Include="BaseParameters.h">
      <Filter>Header Files\input</Filter>
    </ClInclude>
    <ClInclude Include="BaseProcessedData.h">
      <Filter>Header Files\input</Filter>
    </ClInclude>
    <ClInclude Include="CommandLineInterface.h">
      <Filter>Header Files\util</Filter>
    </ClInclude>
    <ClInclude Include="CommandLineOption.h">
      <Filter>Header Files\util</Filter>
    </ClInclude>
    <ClInclude Include="FloydWarshall.h">
      <Filter>Header Files\util</Filter>
    </ClInclude>
    <ClInclude Include="Data.h">
      <Filter>Header Files\input</Filter>
    </ClInclude>
    <ClInclude Include="Link.h">
      <Filter>Header Files\input</Filter>
    </ClInclude>
    <ClInclude Include="Loader.h">
      <Filter>Header Files\input</Filter>
    </ClInclude>
    <ClInclude Include="Node.h">
      <Filter>Header Files\input</Filter>
    </ClInclude>
    <ClInclude Include="Service.h">
      <Filter>Header Files\input</Filter>
    </ClInclude>
    <ClInclude Include="Singleton.h">
      <Filter>Header Files\util</Filter>
    </ClInclude>
  </ItemGroup>
  <ItemGroup>
    <ClCompile Include="BaseInputUser.cpp">
      <Filter>Source Files\input</Filter>
    </ClCompile>
    <ClCompile Include="BaseParameters.cpp">
      <Filter>Source Files\input</Filter>
    </ClCompile>
    <ClCompile Include="BaseProcessedData.cpp">
      <Filter>Source Files\input</Filter>
    </ClCompile>
    <ClCompile Include="Data.cpp">
      <Filter>Source Files\input</Filter>
    </ClCompile>
    <ClCompile Include="Loader.cpp">
      <Filter>Source Files\input</Filter>
    </ClCompile>
    <ClCompile Include="CommandLineInterface.cpp">
      <Filter>Source Files\util</Filter>
    </ClCompile>
  </ItemGroup>
</Project>